// !$*UTF8*$!
{
	archiveVersion = 1;
	classes = {
	};
	objectVersion = 50;
	objects = {

/* Begin PBXBuildFile section */
		043338D4216DFE0200E7D9C2 /* AppDelegate.m in Sources */ = {isa = PBXBuildFile; fileRef = 043338D3216DFE0200E7D9C2 /* AppDelegate.m */; };
		043338D7216DFE0200E7D9C2 /* ViewController.m in Sources */ = {isa = PBXBuildFile; fileRef = 043338D6216DFE0200E7D9C2 /* ViewController.m */; };
		043338DA216DFE0200E7D9C2 /* Main.storyboard in Resources */ = {isa = PBXBuildFile; fileRef = 043338D8216DFE0200E7D9C2 /* Main.storyboard */; };
		043338DC216DFE0300E7D9C2 /* Assets.xcassets in Resources */ = {isa = PBXBuildFile; fileRef = 043338DB216DFE0300E7D9C2 /* Assets.xcassets */; };
		043338DF216DFE0300E7D9C2 /* LaunchScreen.storyboard in Resources */ = {isa = PBXBuildFile; fileRef = 043338DD216DFE0300E7D9C2 /* LaunchScreen.storyboard */; };
		043338E2216DFE0300E7D9C2 /* main.m in Sources */ = {isa = PBXBuildFile; fileRef = 043338E1216DFE0300E7D9C2 /* main.m */; };
		043338EC216DFE0300E7D9C2 /* PicturesListDataTests.m in Sources */ = {isa = PBXBuildFile; fileRef = 043338EB216DFE0300E7D9C2 /* PicturesListDataTests.m */; };
		043338F7216DFE0300E7D9C2 /* PicturesListDataUITests.m in Sources */ = {isa = PBXBuildFile; fileRef = 043338F6216DFE0300E7D9C2 /* PicturesListDataUITests.m */; };
		048410362175B73500A6607D /* XXPicturesCollection.m in Sources */ = {isa = PBXBuildFile; fileRef = 048410332175B73500A6607D /* XXPicturesCollection.m */; };
		048410372175B73500A6607D /* XXPicturesCollectionViewCell.m in Sources */ = {isa = PBXBuildFile; fileRef = 048410342175B73500A6607D /* XXPicturesCollectionViewCell.m */; };
		048410382175B73500A6607D /* XXImageBrowseViewController.m in Sources */ = {isa = PBXBuildFile; fileRef = 048410352175B73500A6607D /* XXImageBrowseViewController.m */; };
		E12A6668AD980506997E1E03 /* Pods_PicturesListData.framework in Frameworks */ = {isa = PBXBuildFile; fileRef = 31EF82B03FA084E86E10DD80 /* Pods_PicturesListData.framework */; };
/* End PBXBuildFile section */

/* Begin PBXContainerItemProxy section */
		043338E8216DFE0300E7D9C2 /* PBXContainerItemProxy */ = {
			isa = PBXContainerItemProxy;
			containerPortal = 043338C7216DFE0200E7D9C2 /* Project object */;
			proxyType = 1;
			remoteGlobalIDString = 043338CE216DFE0200E7D9C2;
			remoteInfo = PicturesListData;
		};
		043338F3216DFE0300E7D9C2 /* PBXContainerItemProxy */ = {
			isa = PBXContainerItemProxy;
			containerPortal = 043338C7216DFE0200E7D9C2 /* Project object */;
			proxyType = 1;
			remoteGlobalIDString = 043338CE216DFE0200E7D9C2;
			remoteInfo = PicturesListData;
		};
/* End PBXContainerItemProxy section */

/* Begin PBXFileReference section */
		043338CF216DFE0200E7D9C2 /* PicturesListData.app */ = {isa = PBXFileReference; explicitFileType = wrapper.application; includeInIndex = 0; path = PicturesListData.app; sourceTree = BUILT_PRODUCTS_DIR; };
		043338D2216DFE0200E7D9C2 /* AppDelegate.h */ = {isa = PBXFileReference; lastKnownFileType = sourcecode.c.h; path = AppDelegate.h; sourceTree = "<group>"; };
		043338D3216DFE0200E7D9C2 /* AppDelegate.m */ = {isa = PBXFileReference; lastKnownFileType = sourcecode.c.objc; path = AppDelegate.m; sourceTree = "<group>"; };
		043338D5216DFE0200E7D9C2 /* ViewController.h */ = {isa = PBXFileReference; lastKnownFileType = sourcecode.c.h; path = ViewController.h; sourceTree = "<group>"; };
		043338D6216DFE0200E7D9C2 /* ViewController.m */ = {isa = PBXFileReference; lastKnownFileType = sourcecode.c.objc; path = ViewController.m; sourceTree = "<group>"; };
		043338D9216DFE0200E7D9C2 /* Base */ = {isa = PBXFileReference; lastKnownFileType = file.storyboard; name = Base; path = Base.lproj/Main.storyboard; sourceTree = "<group>"; };
		043338DB216DFE0300E7D9C2 /* Assets.xcassets */ = {isa = PBXFileReference; lastKnownFileType = folder.assetcatalog; path = Assets.xcassets; sourceTree = "<group>"; };
		043338DE216DFE0300E7D9C2 /* Base */ = {isa = PBXFileReference; lastKnownFileType = file.storyboard; name = Base; path = Base.lproj/LaunchScreen.storyboard; sourceTree = "<group>"; };
		043338E0216DFE0300E7D9C2 /* Info.plist */ = {isa = PBXFileReference; lastKnownFileType = text.plist.xml; path = Info.plist; sourceTree = "<group>"; };
		043338E1216DFE0300E7D9C2 /* main.m */ = {isa = PBXFileReference; lastKnownFileType = sourcecode.c.objc; path = main.m; sourceTree = "<group>"; };
		043338E7216DFE0300E7D9C2 /* PicturesListDataTests.xctest */ = {isa = PBXFileReference; explicitFileType = wrapper.cfbundle; includeInIndex = 0; path = PicturesListDataTests.xctest; sourceTree = BUILT_PRODUCTS_DIR; };
		043338EB216DFE0300E7D9C2 /* PicturesListDataTests.m */ = {isa = PBXFileReference; lastKnownFileType = sourcecode.c.objc; path = PicturesListDataTests.m; sourceTree = "<group>"; };
		043338ED216DFE0300E7D9C2 /* Info.plist */ = {isa = PBXFileReference; lastKnownFileType = text.plist.xml; path = Info.plist; sourceTree = "<group>"; };
		043338F2216DFE0300E7D9C2 /* PicturesListDataUITests.xctest */ = {isa = PBXFileReference; explicitFileType = wrapper.cfbundle; includeInIndex = 0; path = PicturesListDataUITests.xctest; sourceTree = BUILT_PRODUCTS_DIR; };
		043338F6216DFE0300E7D9C2 /* PicturesListDataUITests.m */ = {isa = PBXFileReference; lastKnownFileType = sourcecode.c.objc; path = PicturesListDataUITests.m; sourceTree = "<group>"; };
		043338F8216DFE0400E7D9C2 /* Info.plist */ = {isa = PBXFileReference; lastKnownFileType = text.plist.xml; path = Info.plist; sourceTree = "<group>"; };
		048410302175B73500A6607D /* XXPicturesCollection.h */ = {isa = PBXFileReference; fileEncoding = 4; lastKnownFileType = sourcecode.c.h; path = XXPicturesCollection.h; sourceTree = "<group>"; };
		048410312175B73500A6607D /* XXImageBrowseViewController.h */ = {isa = PBXFileReference; fileEncoding = 4; lastKnownFileType = sourcecode.c.h; path = XXImageBrowseViewController.h; sourceTree = "<group>"; };
		048410322175B73500A6607D /* XXPicturesCollectionViewCell.h */ = {isa = PBXFileReference; fileEncoding = 4; lastKnownFileType = sourcecode.c.h; path = XXPicturesCollectionViewCell.h; sourceTree = "<group>"; };
		048410332175B73500A6607D /* XXPicturesCollection.m */ = {isa = PBXFileReference; fileEncoding = 4; lastKnownFileType = sourcecode.c.objc; path = XXPicturesCollection.m; sourceTree = "<group>"; };
		048410342175B73500A6607D /* XXPicturesCollectionViewCell.m */ = {isa = PBXFileReference; fileEncoding = 4; lastKnownFileType = sourcecode.c.objc; path = XXPicturesCollectionViewCell.m; sourceTree = "<group>"; };
		048410352175B73500A6607D /* XXImageBrowseViewController.m */ = {isa = PBXFileReference; fileEncoding = 4; lastKnownFileType = sourcecode.c.objc; path = XXImageBrowseViewController.m; sourceTree = "<group>"; };
		0A223F2000B996B66FE92D4D /* Pods-PicturesListData.release.xcconfig */ = {isa = PBXFileReference; includeInIndex = 1; lastKnownFileType = text.xcconfig; name = "Pods-PicturesListData.release.xcconfig"; path = "Target Support Files/Pods-PicturesListData/Pods-PicturesListData.release.xcconfig"; sourceTree = "<group>"; };
		31EF82B03FA084E86E10DD80 /* Pods_PicturesListData.framework */ = {isa = PBXFileReference; explicitFileType = wrapper.framework; includeInIndex = 0; path = Pods_PicturesListData.framework; sourceTree = BUILT_PRODUCTS_DIR; };
		C4495C2DE36538BB37199D3A /* Pods-PicturesListData.debug.xcconfig */ = {isa = PBXFileReference; includeInIndex = 1; lastKnownFileType = text.xcconfig; name = "Pods-PicturesListData.debug.xcconfig"; path = "Target Support Files/Pods-PicturesListData/Pods-PicturesListData.debug.xcconfig"; sourceTree = "<group>"; };
/* End PBXFileReference section */

/* Begin PBXFrameworksBuildPhase section */
		043338CC216DFE0200E7D9C2 /* Frameworks */ = {
			isa = PBXFrameworksBuildPhase;
			buildActionMask = 2147483647;
			files = (
				E12A6668AD980506997E1E03 /* Pods_PicturesListData.framework in Frameworks */,
			);
			runOnlyForDeploymentPostprocessing = 0;
		};
		043338E4216DFE0300E7D9C2 /* Frameworks */ = {
			isa = PBXFrameworksBuildPhase;
			buildActionMask = 2147483647;
			files = (
			);
			runOnlyForDeploymentPostprocessing = 0;
		};
		043338EF216DFE0300E7D9C2 /* Frameworks */ = {
			isa = PBXFrameworksBuildPhase;
			buildActionMask = 2147483647;
			files = (
			);
			runOnlyForDeploymentPostprocessing = 0;
		};
/* End PBXFrameworksBuildPhase section */

/* Begin PBXGroup section */
		043338C6216DFE0200E7D9C2 = {
			isa = PBXGroup;
			children = (
				043338D1216DFE0200E7D9C2 /* PicturesListData */,
				043338EA216DFE0300E7D9C2 /* PicturesListDataTests */,
				043338F5216DFE0300E7D9C2 /* PicturesListDataUITests */,
				043338D0216DFE0200E7D9C2 /* Products */,
				EEF65654D0AED7967151C02F /* Pods */,
				F6BD793906085776CD56C022 /* Frameworks */,
			);
			sourceTree = "<group>";
		};
		043338D0216DFE0200E7D9C2 /* Products */ = {
			isa = PBXGroup;
			children = (
				043338CF216DFE0200E7D9C2 /* PicturesListData.app */,
				043338E7216DFE0300E7D9C2 /* PicturesListDataTests.xctest */,
				043338F2216DFE0300E7D9C2 /* PicturesListDataUITests.xctest */,
			);
			name = Products;
			sourceTree = "<group>";
		};
		043338D1216DFE0200E7D9C2 /* PicturesListData */ = {
			isa = PBXGroup;
			children = (
				0484102F2175B73500A6607D /* CollectionData */,
				043338D2216DFE0200E7D9C2 /* AppDelegate.h */,
				043338D3216DFE0200E7D9C2 /* AppDelegate.m */,
				043338D5216DFE0200E7D9C2 /* ViewController.h */,
				043338D6216DFE0200E7D9C2 /* ViewController.m */,
				043338D8216DFE0200E7D9C2 /* Main.storyboard */,
				043338DB216DFE0300E7D9C2 /* Assets.xcassets */,
				043338DD216DFE0300E7D9C2 /* LaunchScreen.storyboard */,
				043338E0216DFE0300E7D9C2 /* Info.plist */,
				043338E1216DFE0300E7D9C2 /* main.m */,
			);
			path = PicturesListData;
			sourceTree = "<group>";
		};
		043338EA216DFE0300E7D9C2 /* PicturesListDataTests */ = {
			isa = PBXGroup;
			children = (
				043338EB216DFE0300E7D9C2 /* PicturesListDataTests.m */,
				043338ED216DFE0300E7D9C2 /* Info.plist */,
			);
			path = PicturesListDataTests;
			sourceTree = "<group>";
		};
		043338F5216DFE0300E7D9C2 /* PicturesListDataUITests */ = {
			isa = PBXGroup;
			children = (
				043338F6216DFE0300E7D9C2 /* PicturesListDataUITests.m */,
				043338F8216DFE0400E7D9C2 /* Info.plist */,
			);
			path = PicturesListDataUITests;
			sourceTree = "<group>";
		};
		0484102F2175B73500A6607D /* CollectionData */ = {
			isa = PBXGroup;
			children = (
				048410302175B73500A6607D /* XXPicturesCollection.h */,
				048410312175B73500A6607D /* XXImageBrowseViewController.h */,
				048410322175B73500A6607D /* XXPicturesCollectionViewCell.h */,
				048410332175B73500A6607D /* XXPicturesCollection.m */,
				048410342175B73500A6607D /* XXPicturesCollectionViewCell.m */,
				048410352175B73500A6607D /* XXImageBrowseViewController.m */,
			);
			path = CollectionData;
			sourceTree = "<group>";
		};
		EEF65654D0AED7967151C02F /* Pods */ = {
			isa = PBXGroup;
			children = (
				C4495C2DE36538BB37199D3A /* Pods-PicturesListData.debug.xcconfig */,
				0A223F2000B996B66FE92D4D /* Pods-PicturesListData.release.xcconfig */,
			);
			path = Pods;
			sourceTree = "<group>";
		};
		F6BD793906085776CD56C022 /* Frameworks */ = {
			isa = PBXGroup;
			children = (
				31EF82B03FA084E86E10DD80 /* Pods_PicturesListData.framework */,
			);
			name = Frameworks;
			sourceTree = "<group>";
		};
/* End PBXGroup section */

/* Begin PBXNativeTarget section */
		043338CE216DFE0200E7D9C2 /* PicturesListData */ = {
			isa = PBXNativeTarget;
			buildConfigurationList = 043338FB216DFE0400E7D9C2 /* Build configuration list for PBXNativeTarget "PicturesListData" */;
			buildPhases = (
				123ABA64F34E7604FB8EA0CA /* [CP] Check Pods Manifest.lock */,
				043338CB216DFE0200E7D9C2 /* Sources */,
				043338CC216DFE0200E7D9C2 /* Frameworks */,
				043338CD216DFE0200E7D9C2 /* Resources */,
				D81E4DA9B33C4F0E822B084C /* [CP] Embed Pods Frameworks */,
			);
			buildRules = (
			);
			dependencies = (
			);
			name = PicturesListData;
			productName = PicturesListData;
			productReference = 043338CF216DFE0200E7D9C2 /* PicturesListData.app */;
			productType = "com.apple.product-type.application";
		};
		043338E6216DFE0300E7D9C2 /* PicturesListDataTests */ = {
			isa = PBXNativeTarget;
			buildConfigurationList = 043338FE216DFE0400E7D9C2 /* Build configuration list for PBXNativeTarget "PicturesListDataTests" */;
			buildPhases = (
				043338E3216DFE0300E7D9C2 /* Sources */,
				043338E4216DFE0300E7D9C2 /* Frameworks */,
				043338E5216DFE0300E7D9C2 /* Resources */,
			);
			buildRules = (
			);
			dependencies = (
				043338E9216DFE0300E7D9C2 /* PBXTargetDependency */,
			);
			name = PicturesListDataTests;
			productName = PicturesListDataTests;
			productReference = 043338E7216DFE0300E7D9C2 /* PicturesListDataTests.xctest */;
			productType = "com.apple.product-type.bundle.unit-test";
		};
		043338F1216DFE0300E7D9C2 /* PicturesListDataUITests */ = {
			isa = PBXNativeTarget;
			buildConfigurationList = 04333901216DFE0400E7D9C2 /* Build configuration list for PBXNativeTarget "PicturesListDataUITests" */;
			buildPhases = (
				043338EE216DFE0300E7D9C2 /* Sources */,
				043338EF216DFE0300E7D9C2 /* Frameworks */,
				043338F0216DFE0300E7D9C2 /* Resources */,
			);
			buildRules = (
			);
			dependencies = (
				043338F4216DFE0300E7D9C2 /* PBXTargetDependency */,
			);
			name = PicturesListDataUITests;
			productName = PicturesListDataUITests;
			productReference = 043338F2216DFE0300E7D9C2 /* PicturesListDataUITests.xctest */;
			productType = "com.apple.product-type.bundle.ui-testing";
		};
/* End PBXNativeTarget section */

/* Begin PBXProject section */
		043338C7216DFE0200E7D9C2 /* Project object */ = {
			isa = PBXProject;
			attributes = {
				LastUpgradeCheck = 0930;
				ORGANIZATIONNAME = xiangxx;
				TargetAttributes = {
					043338CE216DFE0200E7D9C2 = {
						CreatedOnToolsVersion = 9.3;
					};
					043338E6216DFE0300E7D9C2 = {
						CreatedOnToolsVersion = 9.3;
						TestTargetID = 043338CE216DFE0200E7D9C2;
					};
					043338F1216DFE0300E7D9C2 = {
						CreatedOnToolsVersion = 9.3;
						TestTargetID = 043338CE216DFE0200E7D9C2;
					};
				};
			};
			buildConfigurationList = 043338CA216DFE0200E7D9C2 /* Build configuration list for PBXProject "PicturesListData" */;
			compatibilityVersion = "Xcode 9.3";
			developmentRegion = en;
			hasScannedForEncodings = 0;
			knownRegions = (
				en,
				Base,
			);
			mainGroup = 043338C6216DFE0200E7D9C2;
			productRefGroup = 043338D0216DFE0200E7D9C2 /* Products */;
			projectDirPath = "";
			projectRoot = "";
			targets = (
				043338CE216DFE0200E7D9C2 /* PicturesListData */,
				043338E6216DFE0300E7D9C2 /* PicturesListDataTests */,
				043338F1216DFE0300E7D9C2 /* PicturesListDataUITests */,
			);
		};
/* End PBXProject section */

/* Begin PBXResourcesBuildPhase section */
		043338CD216DFE0200E7D9C2 /* Resources */ = {
			isa = PBXResourcesBuildPhase;
			buildActionMask = 2147483647;
			files = (
				043338DF216DFE0300E7D9C2 /* LaunchScreen.storyboard in Resources */,
				043338DC216DFE0300E7D9C2 /* Assets.xcassets in Resources */,
				043338DA216DFE0200E7D9C2 /* Main.storyboard in Resources */,
			);
			runOnlyForDeploymentPostprocessing = 0;
		};
		043338E5216DFE0300E7D9C2 /* Resources */ = {
			isa = PBXResourcesBuildPhase;
			buildActionMask = 2147483647;
			files = (
			);
			runOnlyForDeploymentPostprocessing = 0;
		};
		043338F0216DFE0300E7D9C2 /* Resources */ = {
			isa = PBXResourcesBuildPhase;
			buildActionMask = 2147483647;
			files = (
			);
			runOnlyForDeploymentPostprocessing = 0;
		};
/* End PBXResourcesBuildPhase section */

/* Begin PBXShellScriptBuildPhase section */
		123ABA64F34E7604FB8EA0CA /* [CP] Check Pods Manifest.lock */ = {
			isa = PBXShellScriptBuildPhase;
			buildActionMask = 2147483647;
			files = (
			);
			inputFileListPaths = (
			);
			inputPaths = (
				"${PODS_PODFILE_DIR_PATH}/Podfile.lock",
				"${PODS_ROOT}/Manifest.lock",
			);
			name = "[CP] Check Pods Manifest.lock";
			outputFileListPaths = (
			);
			outputPaths = (
				"$(DERIVED_FILE_DIR)/Pods-PicturesListData-checkManifestLockResult.txt",
			);
			runOnlyForDeploymentPostprocessing = 0;
			shellPath = /bin/sh;
			shellScript = "diff \"${PODS_PODFILE_DIR_PATH}/Podfile.lock\" \"${PODS_ROOT}/Manifest.lock\" > /dev/null\nif [ $? != 0 ] ; then\n    # print error to STDERR\n    echo \"error: The sandbox is not in sync with the Podfile.lock. Run 'pod install' or update your CocoaPods installation.\" >&2\n    exit 1\nfi\n# This output is used by Xcode 'outputs' to avoid re-running this script phase.\necho \"SUCCESS\" > \"${SCRIPT_OUTPUT_FILE_0}\"\n";
			showEnvVarsInLog = 0;
		};
		D81E4DA9B33C4F0E822B084C /* [CP] Embed Pods Frameworks */ = {
			isa = PBXShellScriptBuildPhase;
			buildActionMask = 2147483647;
			files = (
			);
			inputFileListPaths = (
			);
			inputPaths = (
				"${PODS_ROOT}/Target Support Files/Pods-PicturesListData/Pods-PicturesListData-frameworks.sh",
				"${BUILT_PRODUCTS_DIR}/EZImageBrowserKit/EZImageBrowserKit.framework",
				"${BUILT_PRODUCTS_DIR}/SDWebImage/SDWebImage.framework",
			);
			name = "[CP] Embed Pods Frameworks";
			outputFileListPaths = (
			);
			outputPaths = (
				"${TARGET_BUILD_DIR}/${FRAMEWORKS_FOLDER_PATH}/EZImageBrowserKit.framework",
				"${TARGET_BUILD_DIR}/${FRAMEWORKS_FOLDER_PATH}/SDWebImage.framework",
			);
			runOnlyForDeploymentPostprocessing = 0;
			shellPath = /bin/sh;
			shellScript = "\"${PODS_ROOT}/Target Support Files/Pods-PicturesListData/Pods-PicturesListData-frameworks.sh\"\n";
			showEnvVarsInLog = 0;
		};
/* End PBXShellScriptBuildPhase section */

/* Begin PBXSourcesBuildPhase section */
		043338CB216DFE0200E7D9C2 /* Sources */ = {
			isa = PBXSourcesBuildPhase;
			buildActionMask = 2147483647;
			files = (
				048410362175B73500A6607D /* XXPicturesCollection.m in Sources */,
				043338D7216DFE0200E7D9C2 /* ViewController.m in Sources */,
				048410382175B73500A6607D /* XXImageBrowseViewController.m in Sources */,
				043338E2216DFE0300E7D9C2 /* main.m in Sources */,
				048410372175B73500A6607D /* XXPicturesCollectionViewCell.m in Sources */,
				043338D4216DFE0200E7D9C2 /* AppDelegate.m in Sources */,
			);
			runOnlyForDeploymentPostprocessing = 0;
		};
		043338E3216DFE0300E7D9C2 /* Sources */ = {
			isa = PBXSourcesBuildPhase;
			buildActionMask = 2147483647;
			files = (
				043338EC216DFE0300E7D9C2 /* PicturesListDataTests.m in Sources */,
			);
			runOnlyForDeploymentPostprocessing = 0;
		};
		043338EE216DFE0300E7D9C2 /* Sources */ = {
			isa = PBXSourcesBuildPhase;
			buildActionMask = 2147483647;
			files = (
				043338F7216DFE0300E7D9C2 /* PicturesListDataUITests.m in Sources */,
			);
			runOnlyForDeploymentPostprocessing = 0;
		};
/* End PBXSourcesBuildPhase section */

/* Begin PBXTargetDependency section */
		043338E9216DFE0300E7D9C2 /* PBXTargetDependency */ = {
			isa = PBXTargetDependency;
			target = 043338CE216DFE0200E7D9C2 /* PicturesListData */;
			targetProxy = 043338E8216DFE0300E7D9C2 /* PBXContainerItemProxy */;
		};
		043338F4216DFE0300E7D9C2 /* PBXTargetDependency */ = {
			isa = PBXTargetDependency;
			target = 043338CE216DFE0200E7D9C2 /* PicturesListData */;
			targetProxy = 043338F3216DFE0300E7D9C2 /* PBXContainerItemProxy */;
		};
/* End PBXTargetDependency section */

/* Begin PBXVariantGroup section */
		043338D8216DFE0200E7D9C2 /* Main.storyboard */ = {
			isa = PBXVariantGroup;
			children = (
				043338D9216DFE0200E7D9C2 /* Base */,
			);
			name = Main.storyboard;
			sourceTree = "<group>";
		};
		043338DD216DFE0300E7D9C2 /* LaunchScreen.storyboard */ = {
			isa = PBXVariantGroup;
			children = (
				043338DE216DFE0300E7D9C2 /* Base */,
			);
			name = LaunchScreen.storyboard;
			sourceTree = "<group>";
		};
/* End PBXVariantGroup section */

/* Begin XCBuildConfiguration section */
		043338F9216DFE0400E7D9C2 /* Debug */ = {
			isa = XCBuildConfiguration;
			buildSettings = {
				ALWAYS_SEARCH_USER_PATHS = NO;
				CLANG_ANALYZER_NONNULL = YES;
				CLANG_ANALYZER_NUMBER_OBJECT_CONVERSION = YES_AGGRESSIVE;
				CLANG_CXX_LANGUAGE_STANDARD = "gnu++14";
				CLANG_CXX_LIBRARY = "libc++";
				CLANG_ENABLE_MODULES = YES;
				CLANG_ENABLE_OBJC_ARC = YES;
				CLANG_ENABLE_OBJC_WEAK = YES;
				CLANG_WARN_BLOCK_CAPTURE_AUTORELEASING = YES;
				CLANG_WARN_BOOL_CONVERSION = YES;
				CLANG_WARN_COMMA = YES;
				CLANG_WARN_CONSTANT_CONVERSION = YES;
				CLANG_WARN_DEPRECATED_OBJC_IMPLEMENTATIONS = YES;
				CLANG_WARN_DIRECT_OBJC_ISA_USAGE = YES_ERROR;
				CLANG_WARN_DOCUMENTATION_COMMENTS = YES;
				CLANG_WARN_EMPTY_BODY = YES;
				CLANG_WARN_ENUM_CONVERSION = YES;
				CLANG_WARN_INFINITE_RECURSION = YES;
				CLANG_WARN_INT_CONVERSION = YES;
				CLANG_WARN_NON_LITERAL_NULL_CONVERSION = YES;
				CLANG_WARN_OBJC_IMPLICIT_RETAIN_SELF = YES;
				CLANG_WARN_OBJC_LITERAL_CONVERSION = YES;
				CLANG_WARN_OBJC_ROOT_CLASS = YES_ERROR;
				CLANG_WARN_RANGE_LOOP_ANALYSIS = YES;
				CLANG_WARN_STRICT_PROTOTYPES = YES;
				CLANG_WARN_SUSPICIOUS_MOVE = YES;
				CLANG_WARN_UNGUARDED_AVAILABILITY = YES_AGGRESSIVE;
				CLANG_WARN_UNREACHABLE_CODE = YES;
				CLANG_WARN__DUPLICATE_METHOD_MATCH = YES;
				CODE_SIGN_IDENTITY = "iPhone Developer";
				COPY_PHASE_STRIP = NO;
				DEBUG_INFORMATION_FORMAT = dwarf;
				ENABLE_STRICT_OBJC_MSGSEND = YES;
				ENABLE_TESTABILITY = YES;
				GCC_C_LANGUAGE_STANDARD = gnu11;
				GCC_DYNAMIC_NO_PIC = NO;
				GCC_NO_COMMON_BLOCKS = YES;
				GCC_OPTIMIZATION_LEVEL = 0;
				GCC_PREPROCESSOR_DEFINITIONS = (
					"DEBUG=1",
					"$(inherited)",
				);
				GCC_WARN_64_TO_32_BIT_CONVERSION = YES;
				GCC_WARN_ABOUT_RETURN_TYPE = YES_ERROR;
				GCC_WARN_UNDECLARED_SELECTOR = YES;
				GCC_WARN_UNINITIALIZED_AUTOS = YES_AGGRESSIVE;
				GCC_WARN_UNUSED_FUNCTION = YES;
				GCC_WARN_UNUSED_VARIABLE = YES;
				IPHONEOS_DEPLOYMENT_TARGET = 11.3;
				MTL_ENABLE_DEBUG_INFO = YES;
				ONLY_ACTIVE_ARCH = YES;
				SDKROOT = iphoneos;
			};
			name = Debug;
		};
		043338FA216DFE0400E7D9C2 /* Release */ = {
			isa = XCBuildConfiguration;
			buildSettings = {
				ALWAYS_SEARCH_USER_PATHS = NO;
				CLANG_ANALYZER_NONNULL = YES;
				CLANG_ANALYZER_NUMBER_OBJECT_CONVERSION = YES_AGGRESSIVE;
				CLANG_CXX_LANGUAGE_STANDARD = "gnu++14";
				CLANG_CXX_LIBRARY = "libc++";
				CLANG_ENABLE_MODULES = YES;
				CLANG_ENABLE_OBJC_ARC = YES;
				CLANG_ENABLE_OBJC_WEAK = YES;
				CLANG_WARN_BLOCK_CAPTURE_AUTORELEASING = YES;
				CLANG_WARN_BOOL_CONVERSION = YES;
				CLANG_WARN_COMMA = YES;
				CLANG_WARN_CONSTANT_CONVERSION = YES;
				CLANG_WARN_DEPRECATED_OBJC_IMPLEMENTATIONS = YES;
				CLANG_WARN_DIRECT_OBJC_ISA_USAGE = YES_ERROR;
				CLANG_WARN_DOCUMENTATION_COMMENTS = YES;
				CLANG_WARN_EMPTY_BODY = YES;
				CLANG_WARN_ENUM_CONVERSION = YES;
				CLANG_WARN_INFINITE_RECURSION = YES;
				CLANG_WARN_INT_CONVERSION = YES;
				CLANG_WARN_NON_LITERAL_NULL_CONVERSION = YES;
				CLANG_WARN_OBJC_IMPLICIT_RETAIN_SELF = YES;
				CLANG_WARN_OBJC_LITERAL_CONVERSION = YES;
				CLANG_WARN_OBJC_ROOT_CLASS = YES_ERROR;
				CLANG_WARN_RANGE_LOOP_ANALYSIS = YES;
				CLANG_WARN_STRICT_PROTOTYPES = YES;
				CLANG_WARN_SUSPICIOUS_MOVE = YES;
				CLANG_WARN_UNGUARDED_AVAILABILITY = YES_AGGRESSIVE;
				CLANG_WARN_UNREACHABLE_CODE = YES;
				CLANG_WARN__DUPLICATE_METHOD_MATCH = YES;
				CODE_SIGN_IDENTITY = "iPhone Developer";
				COPY_PHASE_STRIP = NO;
				DEBUG_INFORMATION_FORMAT = "dwarf-with-dsym";
				ENABLE_NS_ASSERTIONS = NO;
				ENABLE_STRICT_OBJC_MSGSEND = YES;
				GCC_C_LANGUAGE_STANDARD = gnu11;
				GCC_NO_COMMON_BLOCKS = YES;
				GCC_WARN_64_TO_32_BIT_CONVERSION = YES;
				GCC_WARN_ABOUT_RETURN_TYPE = YES_ERROR;
				GCC_WARN_UNDECLARED_SELECTOR = YES;
				GCC_WARN_UNINITIALIZED_AUTOS = YES_AGGRESSIVE;
				GCC_WARN_UNUSED_FUNCTION = YES;
				GCC_WARN_UNUSED_VARIABLE = YES;
				IPHONEOS_DEPLOYMENT_TARGET = 11.3;
				MTL_ENABLE_DEBUG_INFO = NO;
				SDKROOT = iphoneos;
				VALIDATE_PRODUCT = YES;
			};
			name = Release;
		};
		043338FC216DFE0400E7D9C2 /* Debug */ = {
			isa = XCBuildConfiguration;
			baseConfigurationReference = C4495C2DE36538BB37199D3A /* Pods-PicturesListData.debug.xcconfig */;
			buildSettings = {
				ASSETCATALOG_COMPILER_APPICON_NAME = AppIcon;
				CODE_SIGN_STYLE = Automatic;
				DEVELOPMENT_TEAM = KV4BPVLCC7;
				INFOPLIST_FILE = PicturesListData/Info.plist;
				IPHONEOS_DEPLOYMENT_TARGET = 9.1;
				LD_RUNPATH_SEARCH_PATHS = (
					"$(inherited)",
					"@executable_path/Frameworks",
				);
				PRODUCT_BUNDLE_IDENTIFIER = xiangxx.PicturesListData;
				PRODUCT_NAME = "$(TARGET_NAME)";
				TARGETED_DEVICE_FAMILY = "1,2";
			};
			name = Debug;
		};
		043338FD216DFE0400E7D9C2 /* Release */ = {
			isa = XCBuildConfiguration;
			baseConfigurationReference = 0A223F2000B996B66FE92D4D /* Pods-PicturesListData.release.xcconfig */;
			buildSettings = {
				ASSETCATALOG_COMPILER_APPICON_NAME = AppIcon;
				CODE_SIGN_STYLE = Automatic;
				DEVELOPMENT_TEAM = KV4BPVLCC7;
				INFOPLIST_FILE = PicturesListData/Info.plist;
				IPHONEOS_DEPLOYMENT_TARGET = 9.1;
				LD_RUNPATH_SEARCH_PATHS = (
					"$(inherited)",
					"@executable_path/Frameworks",
				);
				PRODUCT_BUNDLE_IDENTIFIER = xiangxx.PicturesListData;
				PRODUCT_NAME = "$(TARGET_NAME)";
				TARGETED_DEVICE_FAMILY = "1,2";
			};
			name = Release;
		};
		043338FF216DFE0400E7D9C2 /* Debug */ = {
			isa = XCBuildConfiguration;
			buildSettings = {
				BUNDLE_LOADER = "$(TEST_HOST)";
				CODE_SIGN_STYLE = Automatic;
				DEVELOPMENT_TEAM = KV4BPVLCC7;
				INFOPLIST_FILE = PicturesListDataTests/Info.plist;
				LD_RUNPATH_SEARCH_PATHS = (
					"$(inherited)",
					"@executable_path/Frameworks",
					"@loader_path/Frameworks",
				);
				PRODUCT_BUNDLE_IDENTIFIER = xiangxx.PicturesListDataTests;
				PRODUCT_NAME = "$(TARGET_NAME)";
				TARGETED_DEVICE_FAMILY = "1,2";
				TEST_HOST = "$(BUILT_PRODUCTS_DIR)/PicturesListData.app/PicturesListData";
			};
			name = Debug;
		};
		04333900216DFE0400E7D9C2 /* Release */ = {
			isa = XCBuildConfiguration;
			buildSettings = {
				BUNDLE_LOADER = "$(TEST_HOST)";
				CODE_SIGN_STYLE = Automatic;
				DEVELOPMENT_TEAM = KV4BPVLCC7;
				INFOPLIST_FILE = PicturesListDataTests/Info.plist;
				LD_RUNPATH_SEARCH_PATHS = (
					"$(inherited)",
					"@executable_path/Frameworks",
					"@loader_path/Frameworks",
				);
				PRODUCT_BUNDLE_IDENTIFIER = xiangxx.PicturesListDataTests;
				PRODUCT_NAME = "$(TARGET_NAME)";
				TARGETED_DEVICE_FAMILY = "1,2";
				TEST_HOST = "$(BUILT_PRODUCTS_DIR)/PicturesListData.app/PicturesListData";
			};
			name = Release;
		};
		04333902216DFE0400E7D9C2 /* Debug */ = {
			isa = XCBuildConfiguration;
			buildSettings = {
				CODE_SIGN_STYLE = Automatic;
				DEVELOPMENT_TEAM = KV4BPVLCC7;
				INFOPLIST_FILE = PicturesListDataUITests/Info.plist;
				LD_RUNPATH_SEARCH_PATHS = (
					"$(inherited)",
					"@executable_path/Frameworks",
					"@loader_path/Frameworks",
				);
				PRODUCT_BUNDLE_IDENTIFIER = xiangxx.PicturesListDataUITests;
				PRODUCT_NAME = "$(TARGET_NAME)";
				TARGETED_DEVICE_FAMILY = "1,2";
				TEST_TARGET_NAME = PicturesListData;
			};
			name = Debug;
		};
		04333903216DFE0400E7D9C2 /* Release */ = {
			isa = XCBuildConfiguration;
			buildSettings = {
				CODE_SIGN_STYLE = Automatic;
				DEVELOPMENT_TEAM = KV4BPVLCC7;
				INFOPLIST_FILE = PicturesListDataUITests/Info.plist;
				LD_RUNPATH_SEARCH_PATHS = (
					"$(inherited)",
					"@executable_path/Frameworks",
					"@loader_path/Frameworks",
				);
				PRODUCT_BUNDLE_IDENTIFIER = xiangxx.PicturesListDataUITests;
				PRODUCT_NAME = "$(TARGET_NAME)";
				TARGETED_DEVICE_FAMILY = "1,2";
				TEST_TARGET_NAME = PicturesListData;
			};
			name = Release;
		};
/* End XCBuildConfiguration section */

/* Begin XCConfigurationList section */
		043338CA216DFE0200E7D9C2 /* Build configuration list for PBXProject "PicturesListData" */ = {
			isa = XCConfigurationList;
			buildConfigurations = (
				043338F9216DFE0400E7D9C2 /* Debug */,
				043338FA216DFE0400E7D9C2 /* Release */,
			);
			defaultConfigurationIsVisible = 0;
			defaultConfigurationName = Release;
		};
		043338FB216DFE0400E7D9C2 /* Build configuration list for PBXNativeTarget "PicturesListData" */ = {
			isa = XCConfigurationList;
			buildConfigurations = (
				043338FC216DFE0400E7D9C2 /* Debug */,
				043338FD216DFE0400E7D9C2 /* Release */,
			);
			defaultConfigurationIsVisible = 0;
			defaultConfigurationName = Release;
		};
		043338FE216DFE0400E7D9C2 /* Build configuration list for PBXNativeTarget "PicturesListDataTests" */ = {
			isa = XCConfigurationList;
			buildConfigurations = (
				043338FF216DFE0400E7D9C2 /* Debug */,
				04333900216DFE0400E7D9C2 /* Release */,
			);
			defaultConfigurationIsVisible = 0;
			defaultConfigurationName = Release;
		};
		04333901216DFE0400E7D9C2 /* Build configuration list for PBXNativeTarget "PicturesListDataUITests" */ = {
			isa = XCConfigurationList;
			buildConfigurations = (
				04333902216DFE0400E7D9C2 /* Debug */,
				04333903216DFE0400E7D9C2 /* Release */,
			);
			defaultConfigurationIsVisible = 0;
			defaultConfigurationName = Release;
		};
/* End XCConfigurationList section */
	};
	rootObject = 043338C7216DFE0200E7D9C2 /* Project object */;
}
